
Microsoft Visual Studio Solution File, Format Version 12.00
# Visual Studio Version 17
VisualStudioVersion = 17.3.32929.385
MinimumVisualStudioVersion = 10.0.40219.1
Project("{9A19103F-16F7-4668-BE54-9A1E7A4F7556}") = "deadepona", "deadepona\deadepona.csproj", "{82E60BCE-569F-4F12-A99E-2BA97F764140}"
EndProject
Project("{9A19103F-16F7-4668-BE54-9A1E7A4F7556}") = "deadeponaServer", "deadeponaServer\deadeponaServer.csproj", "{351F7763-7BAA-46C8-A542-4DC244E220E2}"
EndProject
Global
	GlobalSection(SolutionConfigurationPlatforms) = preSolution
		Debug|Any CPU = Debug|Any CPU
		Release|Any CPU = Release|Any CPU
	EndGlobalSection
	GlobalSection(ProjectConfigurationPlatforms) = postSolution
		{82E60BCE-569F-4F12-A99E-2BA97F764140}.Debug|Any CPU.ActiveCfg = Debug|Any CPU
		{82E60BCE-569F-4F12-A99E-2BA97F764140}.Debug|Any CPU.Build.0 = Debug|Any CPU
		{82E60BCE-569F-4F12-A99E-2BA97F764140}.Release|Any CPU.ActiveCfg = Release|Any CPU
		{82E60BCE-569F-4F12-A99E-2BA97F764140}.Release|Any CPU.Build.0 = Release|Any CPU
		{351F7763-7BAA-46C8-A542-4DC244E220E2}.Debug|Any CPU.ActiveCfg = Debug|Any CPU
		{351F7763-7BAA-46C8-A542-4DC244E220E2}.Debug|Any CPU.Build.0 = Debug|Any CPU
		{351F7763-7BAA-46C8-A542-4DC244E220E2}.Release|Any CPU.ActiveCfg = Release|Any CPU
		{351F7763-7BAA-46C8-A542-4DC244E220E2}.Release|Any CPU.Build.0 = Release|Any CPU
	EndGlobalSection
	GlobalSection(SolutionProperties) = preSolution
		HideSolutionNode = FALSE
	EndGlobalSection
	GlobalSection(ExtensibilityGlobals) = postSolution
		SolutionGuid = {0D1EEA25-06BE-4A03-900E-CCD432157AAD}
	EndGlobalSection
EndGlobal
